
Microsoft Visual Studio Solution File, Format Version 11.00
# Visual Studio 2010
Project("{FAE04EC0-301F-11D3-BF4B-00C04F79EFBC}") = "Assembly-CSharp", "Assembly-CSharp.csproj", "{24ace986-e138-bdce-04b1-1532920cdc6b}"
EndProject
Project("{FAE04EC0-301F-11D3-BF4B-00C04F79EFBC}") = "Assembly-CSharp-Editor", "Assembly-CSharp-Editor.csproj", "{61108a62-ace3-b541-9049-eeeebafc7576}"
EndProject
Global
	GlobalSection(SolutionConfigurationPlatforms) = preSolution
		Debug|Any CPU = Debug|Any CPU
	EndGlobalSection
	GlobalSection(ProjectConfigurationPlatforms) = postSolution
		{24ace986-e138-bdce-04b1-1532920cdc6b}.Debug|Any CPU.ActiveCfg = Debug|Any CPU
		{24ace986-e138-bdce-04b1-1532920cdc6b}.Debug|Any CPU.Build.0 = Debug|Any CPU
		{61108a62-ace3-b541-9049-eeeebafc7576}.Debug|Any CPU.ActiveCfg = Debug|Any CPU
		{61108a62-ace3-b541-9049-eeeebafc7576}.Debug|Any CPU.Build.0 = Debug|Any CPU
	EndGlobalSection
	GlobalSection(SolutionProperties) = preSolution
		HideSolutionNode = FALSE
	EndGlobalSection
EndGlobal
